version = 1
revision = 3
requires-python = "==3.12.*"

[[package]]
name = "librt"
version = "0.8.1"
source = { registry = "https://pypi.org/simple" }
sdist = { url = "https://files.pythonhosted.org/packages/56/9c/b4b0c54d84da4a94b37bd44151e46d5e583c9534c7e02250b961b1b6d8a8/librt-0.8.1.tar.gz", hash = "sha256:be46a14693955b3bd96014ccbdb8339ee8c9346fbe11c1b78901b55125f14c73", size = 177471, upload-time = "2026-02-17T16:13:06.101Z" }
wheels = [
    { url = "https://files.pythonhosted.org/packages/95/21/d39b0a87ac52fc98f621fb6f8060efb017a767ebbbac2f99fbcbc9ddc0d7/librt-0.8.1-cp312-cp312-macosx_10_13_x86_64.whl", hash = "sha256:a28f2612ab566b17f3698b0da021ff9960610301607c9a5e8eaca62f5e1c350a", size = 66516, upload-time = "2026-02-17T16:11:41.604Z" },
    { url = "https://files.pythonhosted.org/packages/69/f1/46375e71441c43e8ae335905e069f1c54febee63a146278bcee8782c84fd/librt-0.8.1-cp312-cp312-macosx_11_0_arm64.whl", hash = "sha256:60a78b694c9aee2a0f1aaeaa7d101cf713e92e8423a941d2897f4fa37908dab9", size = 68634, upload-time = "2026-02-17T16:11:43.268Z" },
    { url = "https://files.pythonhosted.org/packages/0a/33/c510de7f93bf1fa19e13423a606d8189a02624a800710f6e6a0a0f0784b3/librt-0.8.1-cp312-cp312-manylinux1_i686.manylinux_2_28_i686.manylinux_2_5_i686.whl", hash = "sha256:758509ea3f1eba2a57558e7e98f4659d0ea7670bff49673b0dde18a3c7e6c0eb", size = 198941, upload-time = "2026-02-17T16:11:44.28Z" },
    { url = "https://files.pythonhosted.org/packages/dd/36/e725903416409a533d92398e88ce665476f275081d0d7d42f9c4951999e5/librt-0.8.1-cp312-cp312-manylinux2014_aarch64.manylinux_2_17_aarch64.manylinux_2_28_aarch64.whl", hash = "sha256:039b9f2c506bd0ab0f8725aa5ba339c6f0cd19d3b514b50d134789809c24285d", size = 209991, upload-time = "2026-02-17T16:11:45.462Z" },
    { url = "https://files.pythonhosted.org/packages/30/7a/8d908a152e1875c9f8eac96c97a480df425e657cdb47854b9efaa4998889/librt-0.8.1-cp312-cp312-manylinux2014_x86_64.manylinux_2_17_x86_64.manylinux_2_28_x86_64.whl", hash = "sha256:5bb54f1205a3a6ab41a6fd71dfcdcbd278670d3a90ca502a30d9da583105b6f7", size = 224476, upload-time = "2026-02-17T16:11:46.542Z" },
    { url = "https://files.pythonhosted.org/packages/a8/b8/a22c34f2c485b8903a06f3fe3315341fe6876ef3599792344669db98fcff/librt-0.8.1-cp312-cp312-manylinux_2_31_riscv64.manylinux_2_39_riscv64.whl", hash = "sha256:05bd41cdee35b0c59c259f870f6da532a2c5ca57db95b5f23689fcb5c9e42440", size = 217518, upload-time = "2026-02-17T16:11:47.746Z" },
    { url = "https://files.pythonhosted.org/packages/79/6f/5c6fea00357e4f82ba44f81dbfb027921f1ab10e320d4a64e1c408d035d9/librt-0.8.1-cp312-cp312-musllinux_1_2_aarch64.whl", hash = "sha256:adfab487facf03f0d0857b8710cf82d0704a309d8ffc33b03d9302b4c64e91a9", size = 225116, upload-time = "2026-02-17T16:11:49.298Z" },
    { url = "https://files.pythonhosted.org/packages/f2/a0/95ced4e7b1267fe1e2720a111685bcddf0e781f7e9e0ce59d751c44dcfe5/librt-0.8.1-cp312-cp312-musllinux_1_2_i686.whl", hash = "sha256:153188fe98a72f206042be10a2c6026139852805215ed9539186312d50a8e972", size = 217751, upload-time = "2026-02-17T16:11:50.49Z" },
    { url = "https://files.pythonhosted.org/packages/93/c2/0517281cb4d4101c27ab59472924e67f55e375bc46bedae94ac6dc6e1902/librt-0.8.1-cp312-cp312-musllinux_1_2_riscv64.whl", hash = "sha256:dd3c41254ee98604b08bd5b3af5bf0a89740d4ee0711de95b65166bf44091921", size = 218378, upload-time = "2026-02-17T16:11:51.783Z" },
    { url = "https://files.pythonhosted.org/packages/43/e8/37b3ac108e8976888e559a7b227d0ceac03c384cfd3e7a1c2ee248dbae79/librt-0.8.1-cp312-cp312-musllinux_1_2_x86_64.whl", hash = "sha256:e0d138c7ae532908cbb342162b2611dbd4d90c941cd25ab82084aaf71d2c0bd0", size = 241199, upload-time = "2026-02-17T16:11:53.561Z" },
    { url = "https://files.pythonhosted.org/packages/4b/5b/35812d041c53967fedf551a39399271bbe4257e681236a2cf1a69c8e7fa1/librt-0.8.1-cp312-cp312-win32.whl", hash = "sha256:43353b943613c5d9c49a25aaffdba46f888ec354e71e3529a00cca3f04d66a7a", size = 54917, upload-time = "2026-02-17T16:11:54.758Z" },
    { url = "https://files.pythonhosted.org/packages/de/d1/fa5d5331b862b9775aaf2a100f5ef86854e5d4407f71bddf102f4421e034/librt-0.8.1-cp312-cp312-win_amd64.whl", hash = "sha256:ff8baf1f8d3f4b6b7257fcb75a501f2a5499d0dda57645baa09d4d0d34b19444", size = 62017, upload-time = "2026-02-17T16:11:55.748Z" },
    { url = "https://files.pythonhosted.org/packages/c7/7c/c614252f9acda59b01a66e2ddfd243ed1c7e1deab0293332dfbccf862808/librt-0.8.1-cp312-cp312-win_arm64.whl", hash = "sha256:0f2ae3725904f7377e11cc37722d5d401e8b3d5851fb9273d7f4fe04f6b3d37d", size = 52441, upload-time = "2026-02-17T16:11:56.801Z" },
]

[[package]]
name = "mypy"
version = "1.19.1"
source = { registry = "https://pypi.org/simple" }
dependencies = [
    { name = "librt", marker = "platform_python_implementation != 'PyPy'" },
    { name = "mypy-extensions" },
    { name = "pathspec" },
    { name = "typing-extensions" },
]
sdist = { url = "https://files.pythonhosted.org/packages/f5/db/4efed9504bc01309ab9c2da7e352cc223569f05478012b5d9ece38fd44d2/mypy-1.19.1.tar.gz", hash = "sha256:19d88bb05303fe63f71dd2c6270daca27cb9401c4ca8255fe50d1d920e0eb9ba", size = 3582404, upload-time = "2025-12-15T05:03:48.42Z" }
wheels = [
    { url = "https://files.pythonhosted.org/packages/06/8a/19bfae96f6615aa8a0604915512e0289b1fad33d5909bf7244f02935d33a/mypy-1.19.1-cp312-cp312-macosx_10_13_x86_64.whl", hash = "sha256:a8174a03289288c1f6c46d55cef02379b478bfbc8e358e02047487cad44c6ca1", size = 13206053, upload-time = "2025-12-15T05:03:46.622Z" },
    { url = "https://files.pythonhosted.org/packages/a5/34/3e63879ab041602154ba2a9f99817bb0c85c4df19a23a1443c8986e4d565/mypy-1.19.1-cp312-cp312-macosx_11_0_arm64.whl", hash = "sha256:ffcebe56eb09ff0c0885e750036a095e23793ba6c2e894e7e63f6d89ad51f22e", size = 12219134, upload-time = "2025-12-15T05:03:24.367Z" },
    { url = "https://files.pythonhosted.org/packages/89/cc/2db6f0e95366b630364e09845672dbee0cbf0bbe753a204b29a944967cd9/mypy-1.19.1-cp312-cp312-manylinux2014_aarch64.manylinux_2_17_aarch64.manylinux_2_28_aarch64.whl", hash = "sha256:b64d987153888790bcdb03a6473d321820597ab8dd9243b27a92153c4fa50fd2", size = 12731616, upload-time = "2025-12-15T05:02:44.725Z" },
    { url = "https://files.pythonhosted.org/packages/00/be/dd56c1fd4807bc1eba1cf18b2a850d0de7bacb55e158755eb79f77c41f8e/mypy-1.19.1-cp312-cp312-manylinux2014_x86_64.manylinux_2_17_x86_64.manylinux_2_28_x86_64.whl", hash = "sha256:c35d298c2c4bba75feb2195655dfea8124d855dfd7343bf8b8c055421eaf0cf8", size = 13620847, upload-time = "2025-12-15T05:03:39.633Z" },
    { url = "https://files.pythonhosted.org/packages/6d/42/332951aae42b79329f743bf1da088cd75d8d4d9acc18fbcbd84f26c1af4e/mypy-1.19.1-cp312-cp312-musllinux_1_2_x86_64.whl", hash = "sha256:34c81968774648ab5ac09c29a375fdede03ba253f8f8287847bd480782f73a6a", size = 13834976, upload-time = "2025-12-15T05:03:08.786Z" },
    { url = "https://files.pythonhosted.org/packages/6f/63/e7493e5f90e1e085c562bb06e2eb32cae27c5057b9653348d38b47daaecc/mypy-1.19.1-cp312-cp312-win_amd64.whl", hash = "sha256:b10e7c2cd7870ba4ad9b2d8a6102eb5ffc1f16ca35e3de6bfa390c1113029d13", size = 10118104, upload-time = "2025-12-15T05:03:10.834Z" },
    { url = "https://files.pythonhosted.org/packages/8d/f4/4ce9a05ce5ded1de3ec1c1d96cf9f9504a04e54ce0ed55cfa38619a32b8d/mypy-1.19.1-py3-none-any.whl", hash = "sha256:f1235f5ea01b7db5468d53ece6aaddf1ad0b88d9e7462b86ef96fe04995d7247", size = 2471239, upload-time = "2025-12-15T05:03:07.248Z" },
]

[[package]]
name = "mypy-extensions"
version = "1.1.0"
source = { registry = "https://pypi.org/simple" }
sdist = { url = "https://files.pythonhosted.org/packages/a2/6e/371856a3fb9d31ca8dac321cda606860fa4548858c0cc45d9d1d4ca2628b/mypy_extensions-1.1.0.tar.gz", hash = "sha256:52e68efc3284861e772bbcd66823fde5ae21fd2fdb51c62a211403730b916558", size = 6343, upload-time = "2025-04-22T14:54:24.164Z" }
wheels = [
    { url = "https://files.pythonhosted.org/packages/79/7b/2c79738432f5c924bef5071f933bcc9efd0473bac3b4aa584a6f7c1c8df8/mypy_extensions-1.1.0-py3-none-any.whl", hash = "sha256:1be4cccdb0f2482337c4743e60421de3a356cd97508abadd57d47403e94f5505", size = 4963, upload-time = "2025-04-22T14:54:22.983Z" },
]

[[package]]
name = "nodeenv"
version = "1.10.0"
source = { registry = "https://pypi.org/simple" }
sdist = { url = "https://files.pythonhosted.org/packages/24/bf/d1bda4f6168e0b2e9e5958945e01910052158313224ada5ce1fb2e1113b8/nodeenv-1.10.0.tar.gz", hash = "sha256:996c191ad80897d076bdfba80a41994c2b47c68e224c542b48feba42ba00f8bb", size = 55611, upload-time = "2025-12-20T14:08:54.006Z" }
wheels = [
    { url = "https://files.pythonhosted.org/packages/88/b2/d0896bdcdc8d28a7fc5717c305f1a861c26e18c05047949fb371034d98bd/nodeenv-1.10.0-py2.py3-none-any.whl", hash = "sha256:5bb13e3eed2923615535339b3c620e76779af4cb4c6a90deccc9e36b274d3827", size = 23438, upload-time = "2025-12-20T14:08:52.782Z" },
]

[[package]]
name = "pathspec"
version = "1.0.4"
source = { registry = "https://pypi.org/simple" }
sdist = { url = "https://files.pythonhosted.org/packages/fa/36/e27608899f9b8d4dff0617b2d9ab17ca5608956ca44461ac14ac48b44015/pathspec-1.0.4.tar.gz", hash = "sha256:0210e2ae8a21a9137c0d470578cb0e595af87edaa6ebf12ff176f14a02e0e645", size = 131200, upload-time = "2026-01-27T03:59:46.938Z" }
wheels = [
    { url = "https://files.pythonhosted.org/packages/ef/3c/2c197d226f9ea224a9ab8d197933f9da0ae0aac5b6e0f884e2b8d9c8e9f7/pathspec-1.0.4-py3-none-any.whl", hash = "sha256:fb6ae2fd4e7c921a165808a552060e722767cfa526f99ca5156ed2ce45a5c723", size = 55206, upload-time = "2026-01-27T03:59:45.137Z" },
]

[[package]]
name = "pyrefly"
version = "0.60.0"
source = { registry = "https://pypi.org/simple" }
sdist = { url = "https://files.pythonhosted.org/packages/c6/c7/28d14b64888e2d03815627ebff8d57a9f08389c4bbebfe70ae1ed98a1267/pyrefly-0.60.0.tar.gz", hash = "sha256:2499f5b6ff5342e86dfe1cd94bcce133519bbbc93b7ad5636195fea4f0fa3b81", size = 5500389, upload-time = "2026-04-06T19:57:30.643Z" }
wheels = [
    { url = "https://files.pythonhosted.org/packages/31/99/6c9984a09220e5eb7dd5c869b7a32d25c3d06b5e8854c6eb679db1145c3e/pyrefly-0.60.0-py3-none-macosx_10_12_x86_64.whl", hash = "sha256:bf1691af0fee69d0c99c3c6e9d26ab6acd3c8afef96416f9ba2e74934833b7b5", size = 12921262, upload-time = "2026-04-06T19:57:00.745Z" },
    { url = "https://files.pythonhosted.org/packages/05/b3/6216aa3c00c88e59a27eb4149851b5affe86eeea6129f4224034a32dddb0/pyrefly-0.60.0-py3-none-macosx_11_0_arm64.whl", hash = "sha256:3e71b70c9b95545cf3b479bc55d1381b531de7b2380eb64411088a1e56b634cb", size = 12424413, upload-time = "2026-04-06T19:57:03.417Z" },
    { url = "https://files.pythonhosted.org/packages/9b/87/eb8dd73abd92a93952ac27a605e463c432fb250fb23186574038c7035594/pyrefly-0.60.0-py3-none-manylinux_2_17_aarch64.manylinux2014_aarch64.whl", hash = "sha256:680ee5f8f98230ea145652d7344708f5375786209c5bf03d8b911fdb0d0d4195", size = 35940884, upload-time = "2026-04-06T19:57:06.909Z" },
    { url = "https://files.pythonhosted.org/packages/0d/34/dc6aeb67b840c745fcee6db358295d554abe6ab555a7eaaf44624bd80bf1/pyrefly-0.60.0-py3-none-manylinux_2_17_i686.manylinux2014_i686.whl", hash = "sha256:0d0b20dbbe4aff15b959e8d825b7521a144c4122c11e57022e83b36568c54470", size = 38677220, upload-time = "2026-04-06T19:57:11.235Z" },
    { url = "https://files.pythonhosted.org/packages/66/6b/c863fcf7ef592b7d1db91502acf0d1113be8bed7a2a7143fc6f0dd90616f/pyrefly-0.60.0-py3-none-manylinux_2_17_ppc64le.manylinux2014_ppc64le.whl", hash = "sha256:2911563c8e6b2eaefff68885c94727965469a35375a409235a7a4d2b7157dc15", size = 36907431, upload-time = "2026-04-06T19:57:15.074Z" },
    { url = "https://files.pythonhosted.org/packages/8e/a2/25ea095ab2ecca8e62884669b11a79f14299db93071685b73a97efbaf4f3/pyrefly-0.60.0-py3-none-manylinux_2_17_x86_64.manylinux2014_x86_64.whl", hash = "sha256:e0a631d9d04705e303fe156f2e62551611bc7ef8066c34708ceebcfb3088bd55", size = 41447898, upload-time = "2026-04-06T19:57:19.382Z" },
    { url = "https://files.pythonhosted.org/packages/8e/2c/097bdc6e8d40676b28eb03710a4577bc3c7b803cd24693ac02bf15de3d67/pyrefly-0.60.0-py3-none-win32.whl", hash = "sha256:a08d69298da5626cf502d3debbb6944fd13d2f405ea6625363751f1ff570d366", size = 11913434, upload-time = "2026-04-06T19:57:22.887Z" },
    { url = "https://files.pythonhosted.org/packages/0a/d4/8d27fe310e830c8d11ab73db38b93f9fd2e218744b6efb1204401c9a74d5/pyrefly-0.60.0-py3-none-win_amd64.whl", hash = "sha256:56cf30654e708ae1dd635ffefcba4fa4b349dd7004a6ccc5c41e3a9bb944320c", size = 12745033, upload-time = "2026-04-06T19:57:25.517Z" },
    { url = "https://files.pythonhosted.org/packages/1f/ad/8eea1f8fb8209f91f6dbfe48000c9d05fd0cdb1b5b3157283c9b1dada55d/pyrefly-0.60.0-py3-none-win_arm64.whl", hash = "sha256:b6d27fba970f4777063c0227c54167d83bece1804ea34f69e7118e409ba038d2", size = 12246390, upload-time = "2026-04-06T19:57:28.141Z" },
]

[[package]]
name = "pyright"
version = "1.1.408"
source = { registry = "https://pypi.org/simple" }
dependencies = [
    { name = "nodeenv" },
    { name = "typing-extensions" },
]
sdist = { url = "https://files.pythonhosted.org/packages/74/b2/5db700e52554b8f025faa9c3c624c59f1f6c8841ba81ab97641b54322f16/pyright-1.1.408.tar.gz", hash = "sha256:f28f2321f96852fa50b5829ea492f6adb0e6954568d1caa3f3af3a5f555eb684", size = 4400578, upload-time = "2026-01-08T08:07:38.795Z" }
wheels = [
    { url = "https://files.pythonhosted.org/packages/0c/82/a2c93e32800940d9573fb28c346772a14778b84ba7524e691b324620ab89/pyright-1.1.408-py3-none-any.whl", hash = "sha256:090b32865f4fdb1e0e6cd82bf5618480d48eecd2eb2e70f960982a3d9a4c17c1", size = 6399144, upload-time = "2026-01-08T08:07:37.082Z" },
]

[[package]]
name = "tomli"
version = "2.4.0"
source = { registry = "https://pypi.org/simple" }
sdist = { url = "https://files.pythonhosted.org/packages/82/30/31573e9457673ab10aa432461bee537ce6cef177667deca369efb79df071/tomli-2.4.0.tar.gz", hash = "sha256:aa89c3f6c277dd275d8e243ad24f3b5e701491a860d5121f2cdd399fbb31fc9c", size = 17477, upload-time = "2026-01-11T11:22:38.165Z" }
wheels = [
    { url = "https://files.pythonhosted.org/packages/3c/43/7389a1869f2f26dba52404e1ef13b4784b6b37dac93bac53457e3ff24ca3/tomli-2.4.0-cp312-cp312-macosx_10_13_x86_64.whl", hash = "sha256:920b1de295e72887bafa3ad9f7a792f811847d57ea6b1215154030cf131f16b1", size = 154894, upload-time = "2026-01-11T11:21:56.07Z" },
    { url = "https://files.pythonhosted.org/packages/e9/05/2f9bf110b5294132b2edf13fe6ca6ae456204f3d749f623307cbb7a946f2/tomli-2.4.0-cp312-cp312-macosx_11_0_arm64.whl", hash = "sha256:7d6d9a4aee98fac3eab4952ad1d73aee87359452d1c086b5ceb43ed02ddb16b8", size = 149053, upload-time = "2026-01-11T11:21:57.467Z" },
    { url = "https://files.pythonhosted.org/packages/e8/41/1eda3ca1abc6f6154a8db4d714a4d35c4ad90adc0bcf700657291593fbf3/tomli-2.4.0-cp312-cp312-manylinux2014_aarch64.manylinux_2_17_aarch64.manylinux_2_28_aarch64.whl", hash = "sha256:36b9d05b51e65b254ea6c2585b59d2c4cb91c8a3d91d0ed0f17591a29aaea54a", size = 243481, upload-time = "2026-01-11T11:21:58.661Z" },
    { url = "https://files.pythonhosted.org/packages/d2/6d/02ff5ab6c8868b41e7d4b987ce2b5f6a51d3335a70aa144edd999e055a01/tomli-2.4.0-cp312-cp312-manylinux2014_x86_64.manylinux_2_17_x86_64.manylinux_2_28_x86_64.whl", hash = "sha256:1c8a885b370751837c029ef9bc014f27d80840e48bac415f3412e6593bbc18c1", size = 251720, upload-time = "2026-01-11T11:22:00.178Z" },
    { url = "https://files.pythonhosted.org/packages/7b/57/0405c59a909c45d5b6f146107c6d997825aa87568b042042f7a9c0afed34/tomli-2.4.0-cp312-cp312-musllinux_1_2_aarch64.whl", hash = "sha256:8768715ffc41f0008abe25d808c20c3d990f42b6e2e58305d5da280ae7d1fa3b", size = 247014, upload-time = "2026-01-11T11:22:01.238Z" },
    { url = "https://files.pythonhosted.org/packages/2c/0e/2e37568edd944b4165735687cbaf2fe3648129e440c26d02223672ee0630/tomli-2.4.0-cp312-cp312-musllinux_1_2_x86_64.whl", hash = "sha256:7b438885858efd5be02a9a133caf5812b8776ee0c969fea02c45e8e3f296ba51", size = 251820, upload-time = "2026-01-11T11:22:02.727Z" },
    { url = "https://files.pythonhosted.org/packages/5a/1c/ee3b707fdac82aeeb92d1a113f803cf6d0f37bdca0849cb489553e1f417a/tomli-2.4.0-cp312-cp312-win32.whl", hash = "sha256:0408e3de5ec77cc7f81960c362543cbbd91ef883e3138e81b729fc3eea5b9729", size = 97712, upload-time = "2026-01-11T11:22:03.777Z" },
    { url = "https://files.pythonhosted.org/packages/69/13/c07a9177d0b3bab7913299b9278845fc6eaaca14a02667c6be0b0a2270c8/tomli-2.4.0-cp312-cp312-win_amd64.whl", hash = "sha256:685306e2cc7da35be4ee914fd34ab801a6acacb061b6a7abca922aaf9ad368da", size = 108296, upload-time = "2026-01-11T11:22:04.86Z" },
    { url = "https://files.pythonhosted.org/packages/18/27/e267a60bbeeee343bcc279bb9e8fbed0cbe224bc7b2a3dc2975f22809a09/tomli-2.4.0-cp312-cp312-win_arm64.whl", hash = "sha256:5aa48d7c2356055feef06a43611fc401a07337d5b006be13a30f6c58f869e3c3", size = 94553, upload-time = "2026-01-11T11:22:05.854Z" },
    { url = "https://files.pythonhosted.org/packages/23/d1/136eb2cb77520a31e1f64cbae9d33ec6df0d78bdf4160398e86eec8a8754/tomli-2.4.0-py3-none-any.whl", hash = "sha256:1f776e7d669ebceb01dee46484485f43a4048746235e683bcdffacdf1fb4785a", size = 14477, upload-time = "2026-01-11T11:22:37.446Z" },
]

[[package]]
name = "tomlkit"
version = "0.14.0"
source = { registry = "https://pypi.org/simple" }
sdist = { url = "https://files.pythonhosted.org/packages/c3/af/14b24e41977adb296d6bd1fb59402cf7d60ce364f90c890bd2ec65c43b5a/tomlkit-0.14.0.tar.gz", hash = "sha256:cf00efca415dbd57575befb1f6634c4f42d2d87dbba376128adb42c121b87064", size = 187167, upload-time = "2026-01-13T01:14:53.304Z" }
wheels = [
    { url = "https://files.pythonhosted.org/packages/b5/11/87d6d29fb5d237229d67973a6c9e06e048f01cf4994dee194ab0ea841814/tomlkit-0.14.0-py3-none-any.whl", hash = "sha256:592064ed85b40fa213469f81ac584f67a4f2992509a7c3ea2d632208623a3680", size = 39310, upload-time = "2026-01-13T01:14:51.965Z" },
]

[[package]]
name = "ty"
version = "0.0.29"
source = { registry = "https://pypi.org/simple" }
sdist = { url = "https://files.pythonhosted.org/packages/47/d5/853561de49fae38c519e905b2d8da9c531219608f1fccc47a0fc2c896980/ty-0.0.29.tar.gz", hash = "sha256:e7936cca2f691eeda631876c92809688dbbab68687c3473f526cd83b6a9228d8", size = 5469221, upload-time = "2026-04-05T15:01:21.328Z" }
wheels = [
    { url = "https://files.pythonhosted.org/packages/03/b7/911f9962115acfa24e3b2ec9d4992dd994c38e8769e1b1d7680bb4d28a51/ty-0.0.29-py3-none-linux_armv6l.whl", hash = "sha256:b8a40955f7660d3eaceb0d964affc81b790c0765e7052921a5f861ff8a471c30", size = 10568206, upload-time = "2026-04-05T15:01:19.165Z" },
    { url = "https://files.pythonhosted.org/packages/fe/c3/fcae2167d4c77a97269f92f11d1b43b03617f81de1283d5d05b43432110c/ty-0.0.29-py3-none-macosx_10_12_x86_64.whl", hash = "sha256:6b6849adae15b00bbe2d3c5b078967dcb62eba37d38936b8eeb4c81a82d2e3b8", size = 10442530, upload-time = "2026-04-05T15:01:28.471Z" },
    { url = "https://files.pythonhosted.org/packages/97/33/5a6bfa240cfcb9c36046ae2459fa9ea23238d20130d8656ff5ac4d6c012a/ty-0.0.29-py3-none-macosx_11_0_arm64.whl", hash = "sha256:dcdd9b17209788152f7b7ea815eda07989152325052fe690013537cc7904ce49", size = 9915735, upload-time = "2026-04-05T15:01:10.365Z" },
    { url = "https://files.pythonhosted.org/packages/b3/1e/318f45fae232118e81a6306c30f50de42c509c412128d5bd231eab699ffb/ty-0.0.29-py3-none-manylinux_2_17_aarch64.manylinux2014_aarch64.whl", hash = "sha256:9d8ed4789bae78ffaf94462c0d25589a734cab0366b86f2bbcb1bb90e1a7a169", size = 10419748, upload-time = "2026-04-05T15:01:32.375Z" },
    { url = "https://files.pythonhosted.org/packages/a9/a8/5687872e2ab5a0f7dd4fd8456eac31e9381ad4dc74961f6f29965ad4dd91/ty-0.0.29-py3-none-manylinux_2_17_armv7l.manylinux2014_armv7l.whl", hash = "sha256:91ec374b8565e0ad0900011c24641ebbef2da51adbd4fb69ff3280c8a7eceb02", size = 10394738, upload-time = "2026-04-05T15:01:06.473Z" },
    { url = "https://files.pythonhosted.org/packages/de/68/015d118097eeb95e6a44c4abce4c0a28b7b9dfb3085b7f0ee48e4f099633/ty-0.0.29-py3-none-manylinux_2_17_i686.manylinux2014_i686.whl", hash = "sha256:298a8d5faa2502d3810bbbb47a030b9455495b9921594206043c785dd61548cf", size = 10910613, upload-time = "2026-04-05T15:01:17.17Z" },
    { url = "https://files.pythonhosted.org/packages/1c/01/47ce3c6c53e0670eadbe80756b167bf80ed6681d1ba57cfde2e8065a13d1/ty-0.0.29-py3-none-manylinux_2_17_ppc64le.manylinux2014_ppc64le.whl", hash = "sha256:3c8fba1a3524c6109d1e020d92301c79d41bf442fa8d335b9fa366239339cb70", size = 11475750, upload-time = "2026-04-05T15:01:30.461Z" },
    { url = "https://files.pythonhosted.org/packages/c4/cf/e361845b1081c9264ad5b7c963231bab03f2666865a9f2a115c4233f2137/ty-0.0.29-py3-none-manylinux_2_17_s390x.manylinux2014_s390x.whl", hash = "sha256:4c48adf88a70d264128c39ee922ed14a947817fced1e93c08c1a89c9244edcde", size = 11190055, upload-time = "2026-04-05T15:01:12.369Z" },
    { url = "https://files.pythonhosted.org/packages/79/12/0fb0857e9a62cb11586e9a712103877bbf717f5fb570d16634408cfdefee/ty-0.0.29-py3-none-manylinux_2_17_x86_64.manylinux2014_x86_64.whl", hash = "sha256:2ce0a7a0e96bc7b42518cd3a1a6a6298ef64ff40ca4614355c1aa807059b5c6f", size = 11020539, upload-time = "2026-04-05T15:01:37.022Z" },
    { url = "https://files.pythonhosted.org/packages/20/36/5a26753802083f80cd125db6c4348ad42b3c982ec36e718e0bf4c18f75e5/ty-0.0.29-py3-none-musllinux_1_2_aarch64.whl", hash = "sha256:a6ac86a05b4a3731d45365ab97780acc7b8146fa62fccb3cbe94fe6546c67a97", size = 10396399, upload-time = "2026-04-05T15:01:26.167Z" },
    { url = "https://files.pythonhosted.org/packages/00/e6/b4e75b5752239ab3ab400f19faef4dbef81d05aab5d3419fda0c062a3765/ty-0.0.29-py3-none-musllinux_1_2_armv7l.whl", hash = "sha256:6bbbf53141af0f3150bf288d716263f1a3550054e4b3551ca866d38192ba9891", size = 10421461, upload-time = "2026-04-05T15:01:08.367Z" },
    { url = "https://files.pythonhosted.org/packages/c0/21/1084b5b609f9abed62070ec0b31c283a403832a6310c8bbc208bd45ee1e6/ty-0.0.29-py3-none-musllinux_1_2_i686.whl", hash = "sha256:1c9e06b770c1d0ff5efc51e34312390db31d53fcf3088163f413030b42b74f84", size = 10599187, upload-time = "2026-04-05T15:01:23.52Z" },
    { url = "https://files.pythonhosted.org/packages/ab/a1/ce19a2ca717bbcc1ee11378aba52ef70b6ce5b87245162a729d9fdc2360f/ty-0.0.29-py3-none-musllinux_1_2_x86_64.whl", hash = "sha256:0307fe37e3f000ef1a4ae230bbaf511508a78d24a5e51b40902a21b09d5e6037", size = 11121198, upload-time = "2026-04-05T15:01:15.22Z" },
    { url = "https://files.pythonhosted.org/packages/6b/6b/f1430b279af704321566ce7ec2725d3d8258c2f815ebd93e474c64cd4543/ty-0.0.29-py3-none-win32.whl", hash = "sha256:7a2a898217960a825f8bc0087e1fdbaf379606175e98f9807187221d53a4a8ed", size = 9995331, upload-time = "2026-04-05T15:01:01.32Z" },
    { url = "https://files.pythonhosted.org/packages/d2/ef/3ef01c17785ff9a69378465c7d0faccd48a07b163554db0995e5d65a5a23/ty-0.0.29-py3-none-win_amd64.whl", hash = "sha256:fc1294200226b91615acbf34e0a9ad81caf98c081e9c6a912a31b0a7b603bc3f", size = 11023644, upload-time = "2026-04-05T15:01:04.432Z" },
    { url = "https://files.pythonhosted.org/packages/2c/55/87280a994d6a2d2647c65e12abbc997ed49835794366153c04c4d9304d76/ty-0.0.29-py3-none-win_arm64.whl", hash = "sha256:f9794bbd1bb3ce13f78c191d0c89ae4c63f52c12b6daa0c6fe220b90d019d12c", size = 10428165, upload-time = "2026-04-05T15:01:34.665Z" },
]

[[package]]
name = "typing-conformance"
version = "0.1.0"
source = { virtual = "." }
dependencies = [
    { name = "mypy" },
    { name = "pyrefly" },
    { name = "pyright" },
    { name = "tomli" },
    { name = "tomlkit" },
    { name = "ty" },
    { name = "zuban" },
]

[package.metadata]
requires-dist = [
    { name = "mypy" },
    { name = "pyrefly" },
    { name = "pyright" },
    { name = "tomli" },
    { name = "tomlkit" },
    { name = "ty" },
    { name = "zuban" },
]

[[package]]
name = "typing-extensions"
version = "4.15.0"
source = { registry = "https://pypi.org/simple" }
sdist = { url = "https://files.pythonhosted.org/packages/72/94/1a15dd82efb362ac84269196e94cf00f187f7ed21c242792a923cdb1c61f/typing_extensions-4.15.0.tar.gz", hash = "sha256:0cea48d173cc12fa28ecabc3b837ea3cf6f38c6d1136f85cbaaf598984861466", size = 109391, upload-time = "2025-08-25T13:49:26.313Z" }
wheels = [
    { url = "https://files.pythonhosted.org/packages/18/67/36e9267722cc04a6b9f15c7f3441c2363321a3ea07da7ae0c0707beb2a9c/typing_extensions-4.15.0-py3-none-any.whl", hash = "sha256:f0fa19c6845758ab08074a0cfa8b7aecb71c999ca73d62883bc25cc018c4e548", size = 44614, upload-time = "2025-08-25T13:49:24.86Z" },
]

[[package]]
name = "zuban"
version = "0.6.2"
source = { registry = "https://pypi.org/simple" }
wheels = [
    { url = "https://files.pythonhosted.org/packages/10/29/2d9f68f875155dfc58cb2542bad9bce60c680bf77b883a17cefd2c7b1399/zuban-0.6.2-py3-none-macosx_10_12_x86_64.whl", hash = "sha256:392a24f4542b36e06b6ea8ff8a66b9bcf073fac380f6fedf5ead6d239a089b1b", size = 11274171, upload-time = "2026-03-16T23:11:13.516Z" },
    { url = "https://files.pythonhosted.org/packages/0f/83/77cf8a9568e21653c79ca6acbd35575ef3bc82251d1f604bb4c32bea98df/zuban-0.6.2-py3-none-macosx_11_0_arm64.whl", hash = "sha256:5637981d19c503325bc2fd24b92af218733ee618de2f5217fa2523ca918b3a88", size = 10985794, upload-time = "2026-03-16T23:11:17.828Z" },
    { url = "https://files.pythonhosted.org/packages/23/22/2f7579439acbea7a28d8bbeb361225ddb9502406a892da9a94e73fadd522/zuban-0.6.2-py3-none-manylinux_2_17_aarch64.manylinux2014_aarch64.whl", hash = "sha256:8097a716499ff7b3ac927b8e4c5425b9cfff5cd0b4e644a03e24d1a7c625d048", size = 28440118, upload-time = "2026-03-16T23:11:21.496Z" },
    { url = "https://files.pythonhosted.org/packages/03/1f/e714bbbf1783b76687a39c1ed7764b96c395221c103be91c0b63a4e249da/zuban-0.6.2-py3-none-manylinux_2_17_armv7l.manylinux2014_armv7l.whl", hash = "sha256:ecf4b0c0e682f76f6403d68457d9085cc01dbbc56d402d925d931e82b36d9b5f", size = 28715022, upload-time = "2026-03-16T23:11:25.409Z" },
    { url = "https://files.pythonhosted.org/packages/24/b0/cd98c1c2797353a9fd8d10393ba018255e18a23ba47f505a538c32ea923c/zuban-0.6.2-py3-none-manylinux_2_17_i686.manylinux2014_i686.whl", hash = "sha256:2b1488ed63733d813d9be81b0c2bc888a329b31c4a03cb2cf462c7f0db052fef", size = 29943854, upload-time = "2026-03-16T23:11:29.391Z" },
    { url = "https://files.pythonhosted.org/packages/70/ee/d1ddcf7e7ea098eb33cc1d5b6b38a2688375f27207bdc80929a3abb8251e/zuban-0.6.2-py3-none-manylinux_2_17_x86_64.manylinux2014_x86_64.whl", hash = "sha256:e5b48be20d805b41ac224feeabd1b421a53e55b6cc10f2f3011139c1f625c583", size = 30939082, upload-time = "2026-03-16T23:11:34.003Z" },
    { url = "https://files.pythonhosted.org/packages/fb/45/c477ee9e281a334cfe7cf0375e1cf5e0433e80ade4cc7165ff9a9b756256/zuban-0.6.2-py3-none-musllinux_1_2_aarch64.whl", hash = "sha256:14d30ece874c9ca5b99ef57064b778edc834404e9d350af0c54eaf36d7eb6396", size = 28712077, upload-time = "2026-03-16T23:11:37.711Z" },
    { url = "https://files.pythonhosted.org/packages/ab/df/a962d8aacaf177356bfd698418d10a12fddd8d1c300e5cbd994ff62f80c2/zuban-0.6.2-py3-none-musllinux_1_2_armv7l.whl", hash = "sha256:3c144cd9436d39a3bebe50302c2eb600be403d22a85ae3ef41f061768e96d17e", size = 29336825, upload-time = "2026-03-16T23:11:41.965Z" },
    { url = "https://files.pythonhosted.org/packages/bd/35/09450daba51442632b51b70ef95a94356482fcfdd0127e70ed0f45be2a83/zuban-0.6.2-py3-none-musllinux_1_2_i686.whl", hash = "sha256:ff52b183e752646baea76c0fb1e06e247c47e437d0d37f1386e07504dc2e4c29", size = 30047009, upload-time = "2026-03-16T23:11:46.796Z" },
    { url = "https://files.pythonhosted.org/packages/a4/73/796d8e3789dadc84020a7a67d65cf13facca9807d40852adae8041032f41/zuban-0.6.2-py3-none-musllinux_1_2_x86_64.whl", hash = "sha256:0e265fb4c38efc78e4ed79dc1b9b7adb034d70fa51f963c9ac609af1fbe2f855", size = 29316703, upload-time = "2026-03-16T23:11:50.81Z" },
    { url = "https://files.pythonhosted.org/packages/ea/2a/508617bda8277472cf403ecb73ae3b9227820dc2ff2a3a023eaed8512d5b/zuban-0.6.2-py3-none-win32.whl", hash = "sha256:4a129511f9f6080ba7d4153f111b5e6c2214a3eef945730ce466658903c324b8", size = 9742656, upload-time = "2026-03-16T23:11:54.231Z" },
    { url = "https://files.pythonhosted.org/packages/d0/25/dae184c1b6d7fbdc43e906254fef2577d23899669b58de865fcb0fe150f5/zuban-0.6.2-py3-none-win_amd64.whl", hash = "sha256:7db193c8b1456977ca2dfa2291c93a376e17f465a69018a06d0ecc8655464fff", size = 10464125, upload-time = "2026-03-16T23:11:57.267Z" },
]
