version = 1
revision = 3
requires-python = "==3.12.*"

[[package]]
name = "librt"
version = "0.8.1"
source = { registry = "https://pypi.org/simple" }
sdist = { url = "https://files.pythonhosted.org/packages/56/9c/b4b0c54d84da4a94b37bd44151e46d5e583c9534c7e02250b961b1b6d8a8/librt-0.8.1.tar.gz", hash = "sha256:be46a14693955b3bd96014ccbdb8339ee8c9346fbe11c1b78901b55125f14c73", size = 177471, upload-time = "2026-02-17T16:13:06.101Z" }
wheels = [
    { url = "https://files.pythonhosted.org/packages/95/21/d39b0a87ac52fc98f621fb6f8060efb017a767ebbbac2f99fbcbc9ddc0d7/librt-0.8.1-cp312-cp312-macosx_10_13_x86_64.whl", hash = "sha256:a28f2612ab566b17f3698b0da021ff9960610301607c9a5e8eaca62f5e1c350a", size = 66516, upload-time = "2026-02-17T16:11:41.604Z" },
    { url = "https://files.pythonhosted.org/packages/69/f1/46375e71441c43e8ae335905e069f1c54febee63a146278bcee8782c84fd/librt-0.8.1-cp312-cp312-macosx_11_0_arm64.whl", hash = "sha256:60a78b694c9aee2a0f1aaeaa7d101cf713e92e8423a941d2897f4fa37908dab9", size = 68634, upload-time = "2026-02-17T16:11:43.268Z" },
    { url = "https://files.pythonhosted.org/packages/0a/33/c510de7f93bf1fa19e13423a606d8189a02624a800710f6e6a0a0f0784b3/librt-0.8.1-cp312-cp312-manylinux1_i686.manylinux_2_28_i686.manylinux_2_5_i686.whl", hash = "sha256:758509ea3f1eba2a57558e7e98f4659d0ea7670bff49673b0dde18a3c7e6c0eb", size = 198941, upload-time = "2026-02-17T16:11:44.28Z" },
    { url = "https://files.pythonhosted.org/packages/dd/36/e725903416409a533d92398e88ce665476f275081d0d7d42f9c4951999e5/librt-0.8.1-cp312-cp312-manylinux2014_aarch64.manylinux_2_17_aarch64.manylinux_2_28_aarch64.whl", hash = "sha256:039b9f2c506bd0ab0f8725aa5ba339c6f0cd19d3b514b50d134789809c24285d", size = 209991, upload-time = "2026-02-17T16:11:45.462Z" },
    { url = "https://files.pythonhosted.org/packages/30/7a/8d908a152e1875c9f8eac96c97a480df425e657cdb47854b9efaa4998889/librt-0.8.1-cp312-cp312-manylinux2014_x86_64.manylinux_2_17_x86_64.manylinux_2_28_x86_64.whl", hash = "sha256:5bb54f1205a3a6ab41a6fd71dfcdcbd278670d3a90ca502a30d9da583105b6f7", size = 224476, upload-time = "2026-02-17T16:11:46.542Z" },
    { url = "https://files.pythonhosted.org/packages/a8/b8/a22c34f2c485b8903a06f3fe3315341fe6876ef3599792344669db98fcff/librt-0.8.1-cp312-cp312-manylinux_2_31_riscv64.manylinux_2_39_riscv64.whl", hash = "sha256:05bd41cdee35b0c59c259f870f6da532a2c5ca57db95b5f23689fcb5c9e42440", size = 217518, upload-time = "2026-02-17T16:11:47.746Z" },
    { url = "https://files.pythonhosted.org/packages/79/6f/5c6fea00357e4f82ba44f81dbfb027921f1ab10e320d4a64e1c408d035d9/librt-0.8.1-cp312-cp312-musllinux_1_2_aarch64.whl", hash = "sha256:adfab487facf03f0d0857b8710cf82d0704a309d8ffc33b03d9302b4c64e91a9", size = 225116, upload-time = "2026-02-17T16:11:49.298Z" },
    { url = "https://files.pythonhosted.org/packages/f2/a0/95ced4e7b1267fe1e2720a111685bcddf0e781f7e9e0ce59d751c44dcfe5/librt-0.8.1-cp312-cp312-musllinux_1_2_i686.whl", hash = "sha256:153188fe98a72f206042be10a2c6026139852805215ed9539186312d50a8e972", size = 217751, upload-time = "2026-02-17T16:11:50.49Z" },
    { url = "https://files.pythonhosted.org/packages/93/c2/0517281cb4d4101c27ab59472924e67f55e375bc46bedae94ac6dc6e1902/librt-0.8.1-cp312-cp312-musllinux_1_2_riscv64.whl", hash = "sha256:dd3c41254ee98604b08bd5b3af5bf0a89740d4ee0711de95b65166bf44091921", size = 218378, upload-time = "2026-02-17T16:11:51.783Z" },
    { url = "https://files.pythonhosted.org/packages/43/e8/37b3ac108e8976888e559a7b227d0ceac03c384cfd3e7a1c2ee248dbae79/librt-0.8.1-cp312-cp312-musllinux_1_2_x86_64.whl", hash = "sha256:e0d138c7ae532908cbb342162b2611dbd4d90c941cd25ab82084aaf71d2c0bd0", size = 241199, upload-time = "2026-02-17T16:11:53.561Z" },
    { url = "https://files.pythonhosted.org/packages/4b/5b/35812d041c53967fedf551a39399271bbe4257e681236a2cf1a69c8e7fa1/librt-0.8.1-cp312-cp312-win32.whl", hash = "sha256:43353b943613c5d9c49a25aaffdba46f888ec354e71e3529a00cca3f04d66a7a", size = 54917, upload-time = "2026-02-17T16:11:54.758Z" },
    { url = "https://files.pythonhosted.org/packages/de/d1/fa5d5331b862b9775aaf2a100f5ef86854e5d4407f71bddf102f4421e034/librt-0.8.1-cp312-cp312-win_amd64.whl", hash = "sha256:ff8baf1f8d3f4b6b7257fcb75a501f2a5499d0dda57645baa09d4d0d34b19444", size = 62017, upload-time = "2026-02-17T16:11:55.748Z" },
    { url = "https://files.pythonhosted.org/packages/c7/7c/c614252f9acda59b01a66e2ddfd243ed1c7e1deab0293332dfbccf862808/librt-0.8.1-cp312-cp312-win_arm64.whl", hash = "sha256:0f2ae3725904f7377e11cc37722d5d401e8b3d5851fb9273d7f4fe04f6b3d37d", size = 52441, upload-time = "2026-02-17T16:11:56.801Z" },
]

[[package]]
name = "mypy"
version = "1.19.1"
source = { registry = "https://pypi.org/simple" }
dependencies = [
    { name = "librt", marker = "platform_python_implementation != 'PyPy'" },
    { name = "mypy-extensions" },
    { name = "pathspec" },
    { name = "typing-extensions" },
]
sdist = { url = "https://files.pythonhosted.org/packages/f5/db/4efed9504bc01309ab9c2da7e352cc223569f05478012b5d9ece38fd44d2/mypy-1.19.1.tar.gz", hash = "sha256:19d88bb05303fe63f71dd2c6270daca27cb9401c4ca8255fe50d1d920e0eb9ba", size = 3582404, upload-time = "2025-12-15T05:03:48.42Z" }
wheels = [
    { url = "https://files.pythonhosted.org/packages/06/8a/19bfae96f6615aa8a0604915512e0289b1fad33d5909bf7244f02935d33a/mypy-1.19.1-cp312-cp312-macosx_10_13_x86_64.whl", hash = "sha256:a8174a03289288c1f6c46d55cef02379b478bfbc8e358e02047487cad44c6ca1", size = 13206053, upload-time = "2025-12-15T05:03:46.622Z" },
    { url = "https://files.pythonhosted.org/packages/a5/34/3e63879ab041602154ba2a9f99817bb0c85c4df19a23a1443c8986e4d565/mypy-1.19.1-cp312-cp312-macosx_11_0_arm64.whl", hash = "sha256:ffcebe56eb09ff0c0885e750036a095e23793ba6c2e894e7e63f6d89ad51f22e", size = 12219134, upload-time = "2025-12-15T05:03:24.367Z" },
    { url = "https://files.pythonhosted.org/packages/89/cc/2db6f0e95366b630364e09845672dbee0cbf0bbe753a204b29a944967cd9/mypy-1.19.1-cp312-cp312-manylinux2014_aarch64.manylinux_2_17_aarch64.manylinux_2_28_aarch64.whl", hash = "sha256:b64d987153888790bcdb03a6473d321820597ab8dd9243b27a92153c4fa50fd2", size = 12731616, upload-time = "2025-12-15T05:02:44.725Z" },
    { url = "https://files.pythonhosted.org/packages/00/be/dd56c1fd4807bc1eba1cf18b2a850d0de7bacb55e158755eb79f77c41f8e/mypy-1.19.1-cp312-cp312-manylinux2014_x86_64.manylinux_2_17_x86_64.manylinux_2_28_x86_64.whl", hash = "sha256:c35d298c2c4bba75feb2195655dfea8124d855dfd7343bf8b8c055421eaf0cf8", size = 13620847, upload-time = "2025-12-15T05:03:39.633Z" },
    { url = "https://files.pythonhosted.org/packages/6d/42/332951aae42b79329f743bf1da088cd75d8d4d9acc18fbcbd84f26c1af4e/mypy-1.19.1-cp312-cp312-musllinux_1_2_x86_64.whl", hash = "sha256:34c81968774648ab5ac09c29a375fdede03ba253f8f8287847bd480782f73a6a", size = 13834976, upload-time = "2025-12-15T05:03:08.786Z" },
    { url = "https://files.pythonhosted.org/packages/6f/63/e7493e5f90e1e085c562bb06e2eb32cae27c5057b9653348d38b47daaecc/mypy-1.19.1-cp312-cp312-win_amd64.whl", hash = "sha256:b10e7c2cd7870ba4ad9b2d8a6102eb5ffc1f16ca35e3de6bfa390c1113029d13", size = 10118104, upload-time = "2025-12-15T05:03:10.834Z" },
    { url = "https://files.pythonhosted.org/packages/8d/f4/4ce9a05ce5ded1de3ec1c1d96cf9f9504a04e54ce0ed55cfa38619a32b8d/mypy-1.19.1-py3-none-any.whl", hash = "sha256:f1235f5ea01b7db5468d53ece6aaddf1ad0b88d9e7462b86ef96fe04995d7247", size = 2471239, upload-time = "2025-12-15T05:03:07.248Z" },
]

[[package]]
name = "mypy-extensions"
version = "1.1.0"
source = { registry = "https://pypi.org/simple" }
sdist = { url = "https://files.pythonhosted.org/packages/a2/6e/371856a3fb9d31ca8dac321cda606860fa4548858c0cc45d9d1d4ca2628b/mypy_extensions-1.1.0.tar.gz", hash = "sha256:52e68efc3284861e772bbcd66823fde5ae21fd2fdb51c62a211403730b916558", size = 6343, upload-time = "2025-04-22T14:54:24.164Z" }
wheels = [
    { url = "https://files.pythonhosted.org/packages/79/7b/2c79738432f5c924bef5071f933bcc9efd0473bac3b4aa584a6f7c1c8df8/mypy_extensions-1.1.0-py3-none-any.whl", hash = "sha256:1be4cccdb0f2482337c4743e60421de3a356cd97508abadd57d47403e94f5505", size = 4963, upload-time = "2025-04-22T14:54:22.983Z" },
]

[[package]]
name = "nodeenv"
version = "1.10.0"
source = { registry = "https://pypi.org/simple" }
sdist = { url = "https://files.pythonhosted.org/packages/24/bf/d1bda4f6168e0b2e9e5958945e01910052158313224ada5ce1fb2e1113b8/nodeenv-1.10.0.tar.gz", hash = "sha256:996c191ad80897d076bdfba80a41994c2b47c68e224c542b48feba42ba00f8bb", size = 55611, upload-time = "2025-12-20T14:08:54.006Z" }
wheels = [
    { url = "https://files.pythonhosted.org/packages/88/b2/d0896bdcdc8d28a7fc5717c305f1a861c26e18c05047949fb371034d98bd/nodeenv-1.10.0-py2.py3-none-any.whl", hash = "sha256:5bb13e3eed2923615535339b3c620e76779af4cb4c6a90deccc9e36b274d3827", size = 23438, upload-time = "2025-12-20T14:08:52.782Z" },
]

[[package]]
name = "pathspec"
version = "1.0.4"
source = { registry = "https://pypi.org/simple" }
sdist = { url = "https://files.pythonhosted.org/packages/fa/36/e27608899f9b8d4dff0617b2d9ab17ca5608956ca44461ac14ac48b44015/pathspec-1.0.4.tar.gz", hash = "sha256:0210e2ae8a21a9137c0d470578cb0e595af87edaa6ebf12ff176f14a02e0e645", size = 131200, upload-time = "2026-01-27T03:59:46.938Z" }
wheels = [
    { url = "https://files.pythonhosted.org/packages/ef/3c/2c197d226f9ea224a9ab8d197933f9da0ae0aac5b6e0f884e2b8d9c8e9f7/pathspec-1.0.4-py3-none-any.whl", hash = "sha256:fb6ae2fd4e7c921a165808a552060e722767cfa526f99ca5156ed2ce45a5c723", size = 55206, upload-time = "2026-01-27T03:59:45.137Z" },
]

[[package]]
name = "pyrefly"
version = "0.58.0"
source = { registry = "https://pypi.org/simple" }
sdist = { url = "https://files.pythonhosted.org/packages/eb/bb/5611669a79967250e0654c0cffb7b0bb892b4263d5dec9b4345917edd9cd/pyrefly-0.58.0.tar.gz", hash = "sha256:4512b89cd8db95e8994537895ff41ad60e6211643442f8e33ed93bb59f88a256", size = 5357858, upload-time = "2026-03-25T01:21:01.8Z" }
wheels = [
    { url = "https://files.pythonhosted.org/packages/4e/fb/499e8efc0c3bc4e8f0e689922e616a8d406ff3297962c94b8053701b727f/pyrefly-0.58.0-py3-none-macosx_10_12_x86_64.whl", hash = "sha256:6521e3924d98c2fe118109de625c075d970f9d4a9682f11afa4f7c6b5f11ca1f", size = 12765022, upload-time = "2026-03-25T01:20:41.397Z" },
    { url = "https://files.pythonhosted.org/packages/b6/7f/25f329adfb191e78c22524858cce7d0e06d3961d44fe2ed5c302d3096dc2/pyrefly-0.58.0-py3-none-macosx_11_0_arm64.whl", hash = "sha256:bd52dd8f330e08f3829791b914f170769f97e8a0e377abf554710decbf799f20", size = 12276729, upload-time = "2026-03-25T01:20:43.815Z" },
    { url = "https://files.pythonhosted.org/packages/ac/ca/4982e8e3a177ed30e7ec23f51a429c2319653dcebbe20bac55ef3f275f23/pyrefly-0.58.0-py3-none-manylinux_2_17_aarch64.manylinux2014_aarch64.whl", hash = "sha256:2334bea7d7b43a4d9061cce8e48ee5da2de185511637ed691dca5d649633f514", size = 35369879, upload-time = "2026-03-25T01:20:46.48Z" },
    { url = "https://files.pythonhosted.org/packages/7f/56/02afb8f6584765d1fed08a81f0415504345229ff452384143864a8ed8062/pyrefly-0.58.0-py3-none-manylinux_2_17_i686.manylinux2014_i686.whl", hash = "sha256:fb7bf956beb01f2664a1b20ca7303dc617bc454457b869237945edd5a52fc39b", size = 38060979, upload-time = "2026-03-25T01:20:49.62Z" },
    { url = "https://files.pythonhosted.org/packages/ca/ec/78ae846cba36a244db20d157948e6dd238713f63b812b701754e22fab4d5/pyrefly-0.58.0-py3-none-manylinux_2_17_x86_64.manylinux2014_x86_64.whl", hash = "sha256:ce58ec7d4a5bc4fdb4a8d90329259c15e221e840ce1da946c698c4954aa4098b", size = 40753678, upload-time = "2026-03-25T01:20:52.718Z" },
    { url = "https://files.pythonhosted.org/packages/98/ec/6d1461960bf2efbf7af679846edd29ff1fce9e20b4a653cb99338e1e847e/pyrefly-0.58.0-py3-none-win32.whl", hash = "sha256:43fa3b1abc0b55503c6238d09f333ce4f7a341cb9d5113b9d5e3089b8e0901b6", size = 11793278, upload-time = "2026-03-25T01:20:55.367Z" },
    { url = "https://files.pythonhosted.org/packages/3d/23/70c20ea234409e4ea3b4177ec6cdf221532fd34bfec012961972e2ab511f/pyrefly-0.58.0-py3-none-win_amd64.whl", hash = "sha256:5dbd270d6841ec7b772ee41dd2d83f376ad24b279b747ddb8c11550ad3648dde", size = 12626215, upload-time = "2026-03-25T01:20:57.329Z" },
    { url = "https://files.pythonhosted.org/packages/c3/20/fed053053785585cdd3a393aa3ab8e2e1f9c5078c16c9b659bb4b87ff22d/pyrefly-0.58.0-py3-none-win_arm64.whl", hash = "sha256:86425dfb43607027960ffed13722504992e83b45becbb83853d8f961c715dac2", size = 12124266, upload-time = "2026-03-25T01:20:59.641Z" },
]

[[package]]
name = "pyright"
version = "1.1.408"
source = { registry = "https://pypi.org/simple" }
dependencies = [
    { name = "nodeenv" },
    { name = "typing-extensions" },
]
sdist = { url = "https://files.pythonhosted.org/packages/74/b2/5db700e52554b8f025faa9c3c624c59f1f6c8841ba81ab97641b54322f16/pyright-1.1.408.tar.gz", hash = "sha256:f28f2321f96852fa50b5829ea492f6adb0e6954568d1caa3f3af3a5f555eb684", size = 4400578, upload-time = "2026-01-08T08:07:38.795Z" }
wheels = [
    { url = "https://files.pythonhosted.org/packages/0c/82/a2c93e32800940d9573fb28c346772a14778b84ba7524e691b324620ab89/pyright-1.1.408-py3-none-any.whl", hash = "sha256:090b32865f4fdb1e0e6cd82bf5618480d48eecd2eb2e70f960982a3d9a4c17c1", size = 6399144, upload-time = "2026-01-08T08:07:37.082Z" },
]

[[package]]
name = "tomli"
version = "2.4.0"
source = { registry = "https://pypi.org/simple" }
sdist = { url = "https://files.pythonhosted.org/packages/82/30/31573e9457673ab10aa432461bee537ce6cef177667deca369efb79df071/tomli-2.4.0.tar.gz", hash = "sha256:aa89c3f6c277dd275d8e243ad24f3b5e701491a860d5121f2cdd399fbb31fc9c", size = 17477, upload-time = "2026-01-11T11:22:38.165Z" }
wheels = [
    { url = "https://files.pythonhosted.org/packages/3c/43/7389a1869f2f26dba52404e1ef13b4784b6b37dac93bac53457e3ff24ca3/tomli-2.4.0-cp312-cp312-macosx_10_13_x86_64.whl", hash = "sha256:920b1de295e72887bafa3ad9f7a792f811847d57ea6b1215154030cf131f16b1", size = 154894, upload-time = "2026-01-11T11:21:56.07Z" },
    { url = "https://files.pythonhosted.org/packages/e9/05/2f9bf110b5294132b2edf13fe6ca6ae456204f3d749f623307cbb7a946f2/tomli-2.4.0-cp312-cp312-macosx_11_0_arm64.whl", hash = "sha256:7d6d9a4aee98fac3eab4952ad1d73aee87359452d1c086b5ceb43ed02ddb16b8", size = 149053, upload-time = "2026-01-11T11:21:57.467Z" },
    { url = "https://files.pythonhosted.org/packages/e8/41/1eda3ca1abc6f6154a8db4d714a4d35c4ad90adc0bcf700657291593fbf3/tomli-2.4.0-cp312-cp312-manylinux2014_aarch64.manylinux_2_17_aarch64.manylinux_2_28_aarch64.whl", hash = "sha256:36b9d05b51e65b254ea6c2585b59d2c4cb91c8a3d91d0ed0f17591a29aaea54a", size = 243481, upload-time = "2026-01-11T11:21:58.661Z" },
    { url = "https://files.pythonhosted.org/packages/d2/6d/02ff5ab6c8868b41e7d4b987ce2b5f6a51d3335a70aa144edd999e055a01/tomli-2.4.0-cp312-cp312-manylinux2014_x86_64.manylinux_2_17_x86_64.manylinux_2_28_x86_64.whl", hash = "sha256:1c8a885b370751837c029ef9bc014f27d80840e48bac415f3412e6593bbc18c1", size = 251720, upload-time = "2026-01-11T11:22:00.178Z" },
    { url = "https://files.pythonhosted.org/packages/7b/57/0405c59a909c45d5b6f146107c6d997825aa87568b042042f7a9c0afed34/tomli-2.4.0-cp312-cp312-musllinux_1_2_aarch64.whl", hash = "sha256:8768715ffc41f0008abe25d808c20c3d990f42b6e2e58305d5da280ae7d1fa3b", size = 247014, upload-time = "2026-01-11T11:22:01.238Z" },
    { url = "https://files.pythonhosted.org/packages/2c/0e/2e37568edd944b4165735687cbaf2fe3648129e440c26d02223672ee0630/tomli-2.4.0-cp312-cp312-musllinux_1_2_x86_64.whl", hash = "sha256:7b438885858efd5be02a9a133caf5812b8776ee0c969fea02c45e8e3f296ba51", size = 251820, upload-time = "2026-01-11T11:22:02.727Z" },
    { url = "https://files.pythonhosted.org/packages/5a/1c/ee3b707fdac82aeeb92d1a113f803cf6d0f37bdca0849cb489553e1f417a/tomli-2.4.0-cp312-cp312-win32.whl", hash = "sha256:0408e3de5ec77cc7f81960c362543cbbd91ef883e3138e81b729fc3eea5b9729", size = 97712, upload-time = "2026-01-11T11:22:03.777Z" },
    { url = "https://files.pythonhosted.org/packages/69/13/c07a9177d0b3bab7913299b9278845fc6eaaca14a02667c6be0b0a2270c8/tomli-2.4.0-cp312-cp312-win_amd64.whl", hash = "sha256:685306e2cc7da35be4ee914fd34ab801a6acacb061b6a7abca922aaf9ad368da", size = 108296, upload-time = "2026-01-11T11:22:04.86Z" },
    { url = "https://files.pythonhosted.org/packages/18/27/e267a60bbeeee343bcc279bb9e8fbed0cbe224bc7b2a3dc2975f22809a09/tomli-2.4.0-cp312-cp312-win_arm64.whl", hash = "sha256:5aa48d7c2356055feef06a43611fc401a07337d5b006be13a30f6c58f869e3c3", size = 94553, upload-time = "2026-01-11T11:22:05.854Z" },
    { url = "https://files.pythonhosted.org/packages/23/d1/136eb2cb77520a31e1f64cbae9d33ec6df0d78bdf4160398e86eec8a8754/tomli-2.4.0-py3-none-any.whl", hash = "sha256:1f776e7d669ebceb01dee46484485f43a4048746235e683bcdffacdf1fb4785a", size = 14477, upload-time = "2026-01-11T11:22:37.446Z" },
]

[[package]]
name = "tomlkit"
version = "0.14.0"
source = { registry = "https://pypi.org/simple" }
sdist = { url = "https://files.pythonhosted.org/packages/c3/af/14b24e41977adb296d6bd1fb59402cf7d60ce364f90c890bd2ec65c43b5a/tomlkit-0.14.0.tar.gz", hash = "sha256:cf00efca415dbd57575befb1f6634c4f42d2d87dbba376128adb42c121b87064", size = 187167, upload-time = "2026-01-13T01:14:53.304Z" }
wheels = [
    { url = "https://files.pythonhosted.org/packages/b5/11/87d6d29fb5d237229d67973a6c9e06e048f01cf4994dee194ab0ea841814/tomlkit-0.14.0-py3-none-any.whl", hash = "sha256:592064ed85b40fa213469f81ac584f67a4f2992509a7c3ea2d632208623a3680", size = 39310, upload-time = "2026-01-13T01:14:51.965Z" },
]

[[package]]
name = "ty"
version = "0.0.26"
source = { registry = "https://pypi.org/simple" }
sdist = { url = "https://files.pythonhosted.org/packages/18/94/4879b81f8681117ccaf31544579304f6dc2ddcc0c67f872afb35869643a2/ty-0.0.26.tar.gz", hash = "sha256:0496b62405d62de7b954d6d677dc1cc5d3046197215d7a0a7fef37745d7b6d29", size = 5393643, upload-time = "2026-03-26T16:27:11.067Z" }
wheels = [
    { url = "https://files.pythonhosted.org/packages/83/24/99fe33ecd7e16d23c53b0d4244778c6d1b6eb1663b091236dcba22882d67/ty-0.0.26-py3-none-linux_armv6l.whl", hash = "sha256:35beaa56cf59725fd59ab35d8445bbd40b97fe76db39b052b1fcb31f9bf8adf7", size = 10521856, upload-time = "2026-03-26T16:27:06.335Z" },
    { url = "https://files.pythonhosted.org/packages/55/97/1b5e939e2ff69b9bb279ab680bfa8f677d886309a1ac8d9588fd6ce58146/ty-0.0.26-py3-none-macosx_10_12_x86_64.whl", hash = "sha256:487a0be58ab0eb02e31ba71eb6953812a0f88e50633469b0c0ce3fb795fe0fa1", size = 10320958, upload-time = "2026-03-26T16:27:13.849Z" },
    { url = "https://files.pythonhosted.org/packages/71/25/37081461e13d38a190e5646948d7bc42084f7bd1c6b44f12550be3923e7e/ty-0.0.26-py3-none-macosx_11_0_arm64.whl", hash = "sha256:a01b7de5693379646d423b68f119719a1338a20017ba48a93eefaff1ee56f97b", size = 9799905, upload-time = "2026-03-26T16:26:55.805Z" },
    { url = "https://files.pythonhosted.org/packages/a1/1c/295d8f55a7b0e037dfc3a5ec4bdda3ab3cbca6f492f725bf269f96a4d841/ty-0.0.26-py3-none-manylinux_2_17_aarch64.manylinux2014_aarch64.whl", hash = "sha256:628c3ee869d113dd2bd249925662fd39d9d0305a6cb38f640ddaa7436b74a1ef", size = 10317507, upload-time = "2026-03-26T16:27:31.887Z" },
    { url = "https://files.pythonhosted.org/packages/1d/62/48b3875c5d2f48fe017468d4bbdde1164c76a8184374f1d5e6162cf7d9b8/ty-0.0.26-py3-none-manylinux_2_17_armv7l.manylinux2014_armv7l.whl", hash = "sha256:63d04f35f5370cbc91c0b9675dc83e0c53678125a7b629c9c95769e86f123e65", size = 10319821, upload-time = "2026-03-26T16:27:29.647Z" },
    { url = "https://files.pythonhosted.org/packages/ff/28/cfb2d495046d5bf42d532325cea7412fa1189912d549dbfae417a24fd794/ty-0.0.26-py3-none-manylinux_2_17_i686.manylinux2014_i686.whl", hash = "sha256:4a53c4e6f6a91927f8b90e584a4b12bcde05b0c1870ddff8d17462168ad7947a", size = 10831757, upload-time = "2026-03-26T16:27:37.441Z" },
    { url = "https://files.pythonhosted.org/packages/26/bf/dbc3e42f448a2d862651de070b4108028c543ca18cab096b38d7de449915/ty-0.0.26-py3-none-manylinux_2_17_ppc64le.manylinux2014_ppc64le.whl", hash = "sha256:caf2ced0e58d898d5e3ba5cb843e0ebd377c8a461464748586049afbd9321f51", size = 11369556, upload-time = "2026-03-26T16:26:58.655Z" },
    { url = "https://files.pythonhosted.org/packages/92/4c/6d2f8f34bc6d502ab778c9345a4a936a72ae113de11329c1764bb1f204f6/ty-0.0.26-py3-none-manylinux_2_17_s390x.manylinux2014_s390x.whl", hash = "sha256:384807bbcb7d7ce9b97ee5aaa6417a8ae03ccfb426c52b08018ca62cf60f5430", size = 11085679, upload-time = "2026-03-26T16:27:21.746Z" },
    { url = "https://files.pythonhosted.org/packages/cc/f4/f3f61c203bc980dd9bba0ba7ed3c6e81ddfd36b286330f9487c2c7d041aa/ty-0.0.26-py3-none-manylinux_2_17_x86_64.manylinux2014_x86_64.whl", hash = "sha256:8a2c766a94d79b4f82995d41229702caf2d76e5c440ec7e543d05c70e98bf8ab", size = 10900581, upload-time = "2026-03-26T16:27:24.39Z" },
    { url = "https://files.pythonhosted.org/packages/3d/fd/3ca1b4e4bdd129829e9ce78677e0f8e0f1038a7702dccecfa52f037c6046/ty-0.0.26-py3-none-musllinux_1_2_aarch64.whl", hash = "sha256:f41ac45a0f8e3e8e181508d863a0a62156341db0f624ffd004b97ee550a9de80", size = 10294401, upload-time = "2026-03-26T16:27:03.999Z" },
    { url = "https://files.pythonhosted.org/packages/de/20/4ee3d8c3f90e008843795c765cb8bb245f188c23e5e5cc612c7697406fba/ty-0.0.26-py3-none-musllinux_1_2_armv7l.whl", hash = "sha256:73eb8327a34d529438dfe4db46796946c4e825167cbee434dc148569892e435f", size = 10351469, upload-time = "2026-03-26T16:27:19.003Z" },
    { url = "https://files.pythonhosted.org/packages/3d/b1/9fb154ade65906d4148f0b999c4a8257c2a34253cb72e15d84c1f04a064e/ty-0.0.26-py3-none-musllinux_1_2_i686.whl", hash = "sha256:4bb53a79259516535a1b55f613ba1619e9c666854946474ca8418c35a5c4fd60", size = 10529488, upload-time = "2026-03-26T16:27:01.378Z" },
    { url = "https://files.pythonhosted.org/packages/a5/70/9b02b03b1862e27b64143db65946d68b138160a5b6bfea193bee0b8bbc34/ty-0.0.26-py3-none-musllinux_1_2_x86_64.whl", hash = "sha256:2f0e75edc1aeb1b4b84af516c7891f631254a4ca3dcd15e848fa1e061e1fe9da", size = 10999015, upload-time = "2026-03-26T16:27:34.636Z" },
    { url = "https://files.pythonhosted.org/packages/21/16/0a56b8667296e2989b9d48095472d98ebf57a0006c71f2a101bbc62a142d/ty-0.0.26-py3-none-win32.whl", hash = "sha256:943c998c5523ed6b519c899c0c39b26b4c751a9759e460fb964765a44cde226f", size = 9912378, upload-time = "2026-03-26T16:27:08.999Z" },
    { url = "https://files.pythonhosted.org/packages/60/c2/fef0d4bba9cd89a82d725b3b1a66efb1b36629ecf0fb1d8e916cb75b8829/ty-0.0.26-py3-none-win_amd64.whl", hash = "sha256:19c856d343efeb1ecad8ee220848f5d2c424daf7b2feda357763ad3036e2172f", size = 10863737, upload-time = "2026-03-26T16:27:27.06Z" },
    { url = "https://files.pythonhosted.org/packages/4d/05/888ebcb3c4d3b6b72d5d3241fddd299142caa3c516e6d26a9cd887dfed3b/ty-0.0.26-py3-none-win_arm64.whl", hash = "sha256:2cde58ccffa046db1223dc28f3e7d4f2c7da8267e97cc5cd186af6fe85f1758a", size = 10285408, upload-time = "2026-03-26T16:27:16.432Z" },
]

[[package]]
name = "typing-conformance"
version = "0.1.0"
source = { virtual = "." }
dependencies = [
    { name = "mypy" },
    { name = "pyrefly" },
    { name = "pyright" },
    { name = "tomli" },
    { name = "tomlkit" },
    { name = "ty" },
    { name = "zuban" },
]

[package.metadata]
requires-dist = [
    { name = "mypy" },
    { name = "pyrefly" },
    { name = "pyright" },
    { name = "tomli" },
    { name = "tomlkit" },
    { name = "ty" },
    { name = "zuban" },
]

[[package]]
name = "typing-extensions"
version = "4.15.0"
source = { registry = "https://pypi.org/simple" }
sdist = { url = "https://files.pythonhosted.org/packages/72/94/1a15dd82efb362ac84269196e94cf00f187f7ed21c242792a923cdb1c61f/typing_extensions-4.15.0.tar.gz", hash = "sha256:0cea48d173cc12fa28ecabc3b837ea3cf6f38c6d1136f85cbaaf598984861466", size = 109391, upload-time = "2025-08-25T13:49:26.313Z" }
wheels = [
    { url = "https://files.pythonhosted.org/packages/18/67/36e9267722cc04a6b9f15c7f3441c2363321a3ea07da7ae0c0707beb2a9c/typing_extensions-4.15.0-py3-none-any.whl", hash = "sha256:f0fa19c6845758ab08074a0cfa8b7aecb71c999ca73d62883bc25cc018c4e548", size = 44614, upload-time = "2025-08-25T13:49:24.86Z" },
]

[[package]]
name = "zuban"
version = "0.6.2"
source = { registry = "https://pypi.org/simple" }
wheels = [
    { url = "https://files.pythonhosted.org/packages/10/29/2d9f68f875155dfc58cb2542bad9bce60c680bf77b883a17cefd2c7b1399/zuban-0.6.2-py3-none-macosx_10_12_x86_64.whl", hash = "sha256:392a24f4542b36e06b6ea8ff8a66b9bcf073fac380f6fedf5ead6d239a089b1b", size = 11274171, upload-time = "2026-03-16T23:11:13.516Z" },
    { url = "https://files.pythonhosted.org/packages/0f/83/77cf8a9568e21653c79ca6acbd35575ef3bc82251d1f604bb4c32bea98df/zuban-0.6.2-py3-none-macosx_11_0_arm64.whl", hash = "sha256:5637981d19c503325bc2fd24b92af218733ee618de2f5217fa2523ca918b3a88", size = 10985794, upload-time = "2026-03-16T23:11:17.828Z" },
    { url = "https://files.pythonhosted.org/packages/23/22/2f7579439acbea7a28d8bbeb361225ddb9502406a892da9a94e73fadd522/zuban-0.6.2-py3-none-manylinux_2_17_aarch64.manylinux2014_aarch64.whl", hash = "sha256:8097a716499ff7b3ac927b8e4c5425b9cfff5cd0b4e644a03e24d1a7c625d048", size = 28440118, upload-time = "2026-03-16T23:11:21.496Z" },
    { url = "https://files.pythonhosted.org/packages/03/1f/e714bbbf1783b76687a39c1ed7764b96c395221c103be91c0b63a4e249da/zuban-0.6.2-py3-none-manylinux_2_17_armv7l.manylinux2014_armv7l.whl", hash = "sha256:ecf4b0c0e682f76f6403d68457d9085cc01dbbc56d402d925d931e82b36d9b5f", size = 28715022, upload-time = "2026-03-16T23:11:25.409Z" },
    { url = "https://files.pythonhosted.org/packages/24/b0/cd98c1c2797353a9fd8d10393ba018255e18a23ba47f505a538c32ea923c/zuban-0.6.2-py3-none-manylinux_2_17_i686.manylinux2014_i686.whl", hash = "sha256:2b1488ed63733d813d9be81b0c2bc888a329b31c4a03cb2cf462c7f0db052fef", size = 29943854, upload-time = "2026-03-16T23:11:29.391Z" },
    { url = "https://files.pythonhosted.org/packages/70/ee/d1ddcf7e7ea098eb33cc1d5b6b38a2688375f27207bdc80929a3abb8251e/zuban-0.6.2-py3-none-manylinux_2_17_x86_64.manylinux2014_x86_64.whl", hash = "sha256:e5b48be20d805b41ac224feeabd1b421a53e55b6cc10f2f3011139c1f625c583", size = 30939082, upload-time = "2026-03-16T23:11:34.003Z" },
    { url = "https://files.pythonhosted.org/packages/fb/45/c477ee9e281a334cfe7cf0375e1cf5e0433e80ade4cc7165ff9a9b756256/zuban-0.6.2-py3-none-musllinux_1_2_aarch64.whl", hash = "sha256:14d30ece874c9ca5b99ef57064b778edc834404e9d350af0c54eaf36d7eb6396", size = 28712077, upload-time = "2026-03-16T23:11:37.711Z" },
    { url = "https://files.pythonhosted.org/packages/ab/df/a962d8aacaf177356bfd698418d10a12fddd8d1c300e5cbd994ff62f80c2/zuban-0.6.2-py3-none-musllinux_1_2_armv7l.whl", hash = "sha256:3c144cd9436d39a3bebe50302c2eb600be403d22a85ae3ef41f061768e96d17e", size = 29336825, upload-time = "2026-03-16T23:11:41.965Z" },
    { url = "https://files.pythonhosted.org/packages/bd/35/09450daba51442632b51b70ef95a94356482fcfdd0127e70ed0f45be2a83/zuban-0.6.2-py3-none-musllinux_1_2_i686.whl", hash = "sha256:ff52b183e752646baea76c0fb1e06e247c47e437d0d37f1386e07504dc2e4c29", size = 30047009, upload-time = "2026-03-16T23:11:46.796Z" },
    { url = "https://files.pythonhosted.org/packages/a4/73/796d8e3789dadc84020a7a67d65cf13facca9807d40852adae8041032f41/zuban-0.6.2-py3-none-musllinux_1_2_x86_64.whl", hash = "sha256:0e265fb4c38efc78e4ed79dc1b9b7adb034d70fa51f963c9ac609af1fbe2f855", size = 29316703, upload-time = "2026-03-16T23:11:50.81Z" },
    { url = "https://files.pythonhosted.org/packages/ea/2a/508617bda8277472cf403ecb73ae3b9227820dc2ff2a3a023eaed8512d5b/zuban-0.6.2-py3-none-win32.whl", hash = "sha256:4a129511f9f6080ba7d4153f111b5e6c2214a3eef945730ce466658903c324b8", size = 9742656, upload-time = "2026-03-16T23:11:54.231Z" },
    { url = "https://files.pythonhosted.org/packages/d0/25/dae184c1b6d7fbdc43e906254fef2577d23899669b58de865fcb0fe150f5/zuban-0.6.2-py3-none-win_amd64.whl", hash = "sha256:7db193c8b1456977ca2dfa2291c93a376e17f465a69018a06d0ecc8655464fff", size = 10464125, upload-time = "2026-03-16T23:11:57.267Z" },
]
